PODS:
  - AFNetworking (3.1.0):
    - AFNetworking/NSURLSession (= 3.1.0)
    - AFNetworking/Reachability (= 3.1.0)
    - AFNetworking/Security (= 3.1.0)
    - AFNetworking/Serialization (= 3.1.0)
    - AFNetworking/UIKit (= 3.1.0)
  - AFNetworking/NSURLSession (3.1.0):
    - AFNetworking/Reachability
    - AFNetworking/Security
    - AFNetworking/Serialization
  - AFNetworking/Reachability (3.1.0)
  - AFNetworking/Security (3.1.0)
  - AFNetworking/Serialization (3.1.0)
  - AFNetworking/UIKit (3.1.0):
    - AFNetworking/NSURLSession
  - FBSnapshotTestCase (2.1.4):
    - FBSnapshotTestCase/SwiftSupport (= 2.1.4)
  - FBSnapshotTestCase/Core (2.1.4)
  - FBSnapshotTestCase/SwiftSupport (2.1.4):
    - FBSnapshotTestCase/Core
  - MJExtension (3.2.2)
  - NIHttpTool (0.0.2):
    - AFNetworking (~> 3.1.0)
    - Reachability (~> 3.2)
  - Reachability (3.2)

DEPENDENCIES:
  - FBSnapshotTestCase
  - MJExtension
  - NIHttpTool (from `../`)

SPEC REPOS:
  trunk:
    - AFNetworking
    - FBSnapshotTestCase
    - MJExtension
    - Reachability

EXTERNAL SOURCES:
  NIHttpTool:
    :path: "../"

SPEC CHECKSUMS:
  AFNetworking: 5e0e199f73d8626b11e79750991f5d173d1f8b67
  FBSnapshotTestCase: 094f9f314decbabe373b87cc339bea235a63e07a
  MJExtension: d9b9c74cbdeb724c1e9ecbb157b318276e62e876
  NIHttpTool: 4c94a7dfa92da86c33c1d32a31e5ca188d14694e
  Reachability: 33e18b67625424e47b6cde6d202dce689ad7af96

PODFILE CHECKSUM: bfef0caea2bdd1a6eaf885fb8abce4361f6f1116

COCOAPODS: 1.9.1
