PODS:
  - AFNetworking (3.1.0):
    - AFNetworking/NSURLSession (= 3.1.0)
    - AFNetworking/Reachability (= 3.1.0)
    - AFNetworking/Security (= 3.1.0)
    - AFNetworking/Serialization (= 3.1.0)
    - AFNetworking/UIKit (= 3.1.0)
  - AFNetworking/NSURLSession (3.1.0):
    - AFNetworking/Reachability
    - AFNetworking/Security
    - AFNetworking/Serialization
  - AFNetworking/Reachability (3.1.0)
  - AFNetworking/Security (3.1.0)
  - AFNetworking/Serialization (3.1.0)
  - AFNetworking/UIKit (3.1.0):
    - AFNetworking/NSURLSession
  - MJExtension (3.0.13)
  - Reachability (3.2)

DEPENDENCIES:
  - AFNetworking (~> 3.1.0)
  - MJExtension (~> 3.0.13)
  - Reachability (~> 3.2)

SPEC CHECKSUMS:
  AFNetworking: c4a24c54cb648197e4cc60ebcad31343d7529db4
  MJExtension: dea0597f4c4741fbc00f56c195c85c66ff3beb94
  Reachability: 3c71d50935b3b3160760ffc6932418fb229c5544

PODFILE CHECKSUM: 86758ef0e044fa09072978753e21fd0f97ea96af

COCOAPODS: 1.2.0
